// !$*UTF8*$!
{
	archiveVersion = 1;
	classes = {
	};
	objectVersion = 46;
	objects = {

/* Begin PBXBuildFile section */
		8C2F757316B11AD500E1EDA5 /* UIKit.framework in Frameworks */ = {isa = PBXBuildFile; fileRef = 8C2F757216B11AD500E1EDA5 /* UIKit.framework */; };
		8C2F757516B11AD500E1EDA5 /* Foundation.framework in Frameworks */ = {isa = PBXBuildFile; fileRef = 8C2F757416B11AD500E1EDA5 /* Foundation.framework */; };
		8C2F757716B11AD500E1EDA5 /* CoreGraphics.framework in Frameworks */ = {isa = PBXBuildFile; fileRef = 8C2F757616B11AD500E1EDA5 /* CoreGraphics.framework */; };
		8C2F757D16B11AD500E1EDA5 /* InfoPlist.strings in Resources */ = {isa = PBXBuildFile; fileRef = 8C2F757B16B11AD500E1EDA5 /* InfoPlist.strings */; };
		8C2F757F16B11AD500E1EDA5 /* main.m in Sources */ = {isa = PBXBuildFile; fileRef = 8C2F757E16B11AD500E1EDA5 /* main.m */; };
		8C2F758316B11AD500E1EDA5 /* AppDelegate.m in Sources */ = {isa = PBXBuildFile; fileRef = 8C2F758216B11AD500E1EDA5 /* AppDelegate.m */; };
		8C2F758516B11AD500E1EDA5 /* Default.png in Resources */ = {isa = PBXBuildFile; fileRef = 8C2F758416B11AD500E1EDA5 /* Default.png */; };
		8C2F758716B11AD500E1EDA5 /* Default@2x.png in Resources */ = {isa = PBXBuildFile; fileRef = 8C2F758616B11AD500E1EDA5 /* Default@2x.png */; };
		8C2F758916B11AD500E1EDA5 /* Default-568h@2x.png in Resources */ = {isa = PBXBuildFile; fileRef = 8C2F758816B11AD500E1EDA5 /* Default-568h@2x.png */; };
		8C2F75C616B11DE300E1EDA5 /* SecondViewController.m in Sources */ = {isa = PBXBuildFile; fileRef = 8C2F75C516B11DE300E1EDA5 /* SecondViewController.m */; };
		8C2F75CD16B11E2300E1EDA5 /* FirstViewController.m in Sources */ = {isa = PBXBuildFile; fileRef = 8C2F75CC16B11E2300E1EDA5 /* FirstViewController.m */; };
		8C2F75D016B127E100E1EDA5 /* Other.m in Sources */ = {isa = PBXBuildFile; fileRef = 8C2F75CF16B127E100E1EDA5 /* Other.m */; };
/* End PBXBuildFile section */

/* Begin PBXFileReference section */
		8C2F756E16B11AD500E1EDA5 /* 2.UnLoadViewDemo.app */ = {isa = PBXFileReference; explicitFileType = wrapper.application; includeInIndex = 0; path = 2.UnLoadViewDemo.app; sourceTree = BUILT_PRODUCTS_DIR; };
		8C2F757216B11AD500E1EDA5 /* UIKit.framework */ = {isa = PBXFileReference; lastKnownFileType = wrapper.framework; name = UIKit.framework; path = System/Library/Frameworks/UIKit.framework; sourceTree = SDKROOT; };
		8C2F757416B11AD500E1EDA5 /* Foundation.framework */ = {isa = PBXFileReference; lastKnownFileType = wrapper.framework; name = Foundation.framework; path = System/Library/Frameworks/Foundation.framework; sourceTree = SDKROOT; };
		8C2F757616B11AD500E1EDA5 /* CoreGraphics.framework */ = {isa = PBXFileReference; lastKnownFileType = wrapper.framework; name = CoreGraphics.framework; path = System/Library/Frameworks/CoreGraphics.framework; sourceTree = SDKROOT; };
		8C2F757A16B11AD500E1EDA5 /* 2.UnLoadViewDemo-Info.plist */ = {isa = PBXFileReference; lastKnownFileType = text.plist.xml; path = "2.UnLoadViewDemo-Info.plist"; sourceTree = "<group>"; };
		8C2F757C16B11AD500E1EDA5 /* en */ = {isa = PBXFileReference; lastKnownFileType = text.plist.strings; name = en; path = en.lproj/InfoPlist.strings; sourceTree = "<group>"; };
		8C2F757E16B11AD500E1EDA5 /* main.m */ = {isa = PBXFileReference; lastKnownFileType = sourcecode.c.objc; path = main.m; sourceTree = "<group>"; };
		8C2F758016B11AD500E1EDA5 /* 2.UnLoadViewDemo-Prefix.pch */ = {isa = PBXFileReference; lastKnownFileType = sourcecode.c.h; path = "2.UnLoadViewDemo-Prefix.pch"; sourceTree = "<group>"; };
		8C2F758116B11AD500E1EDA5 /* AppDelegate.h */ = {isa = PBXFileReference; lastKnownFileType = sourcecode.c.h; path = AppDelegate.h; sourceTree = "<group>"; };
		8C2F758216B11AD500E1EDA5 /* AppDelegate.m */ = {isa = PBXFileReference; lastKnownFileType = sourcecode.c.objc; path = AppDelegate.m; sourceTree = "<group>"; };
		8C2F758416B11AD500E1EDA5 /* Default.png */ = {isa = PBXFileReference; lastKnownFileType = image.png; path = Default.png; sourceTree = "<group>"; };
		8C2F758616B11AD500E1EDA5 /* Default@2x.png */ = {isa = PBXFileReference; lastKnownFileType = image.png; path = "Default@2x.png"; sourceTree = "<group>"; };
		8C2F758816B11AD500E1EDA5 /* Default-568h@2x.png */ = {isa = PBXFileReference; lastKnownFileType = image.png; path = "Default-568h@2x.png"; sourceTree = "<group>"; };
		8C2F75C416B11DE300E1EDA5 /* SecondViewController.h */ = {isa = PBXFileReference; fileEncoding = 4; lastKnownFileType = sourcecode.c.h; path = SecondViewController.h; sourceTree = "<group>"; };
		8C2F75C516B11DE300E1EDA5 /* SecondViewController.m */ = {isa = PBXFileReference; fileEncoding = 4; lastKnownFileType = sourcecode.c.objc; path = SecondViewController.m; sourceTree = "<group>"; };
		8C2F75CB16B11E2200E1EDA5 /* FirstViewController.h */ = {isa = PBXFileReference; fileEncoding = 4; lastKnownFileType = sourcecode.c.h; path = FirstViewController.h; sourceTree = "<group>"; };
		8C2F75CC16B11E2300E1EDA5 /* FirstViewController.m */ = {isa = PBXFileReference; fileEncoding = 4; lastKnownFileType = sourcecode.c.objc; path = FirstViewController.m; sourceTree = "<group>"; };
		8C2F75CE16B127E000E1EDA5 /* Other.h */ = {isa = PBXFileReference; fileEncoding = 4; lastKnownFileType = sourcecode.c.h; path = Other.h; sourceTree = "<group>"; };
		8C2F75CF16B127E100E1EDA5 /* Other.m */ = {isa = PBXFileReference; fileEncoding = 4; lastKnownFileType = sourcecode.c.objc; path = Other.m; sourceTree = "<group>"; };
/* End PBXFileReference section */

/* Begin PBXFrameworksBuildPhase section */
		8C2F756B16B11AD500E1EDA5 /* Frameworks */ = {
			isa = PBXFrameworksBuildPhase;
			buildActionMask = 2147483647;
			files = (
				8C2F757316B11AD500E1EDA5 /* UIKit.framework in Frameworks */,
				8C2F757516B11AD500E1EDA5 /* Foundation.framework in Frameworks */,
				8C2F757716B11AD500E1EDA5 /* CoreGraphics.framework in Frameworks */,
			);
			runOnlyForDeploymentPostprocessing = 0;
		};
/* End PBXFrameworksBuildPhase section */

/* Begin PBXGroup section */
		8C2F756316B11AD500E1EDA5 = {
			isa = PBXGroup;
			children = (
				8C2F757816B11AD500E1EDA5 /* 2.UnLoadViewDemo */,
				8C2F757116B11AD500E1EDA5 /* Frameworks */,
				8C2F756F16B11AD500E1EDA5 /* Products */,
			);
			sourceTree = "<group>";
		};
		8C2F756F16B11AD500E1EDA5 /* Products */ = {
			isa = PBXGroup;
			children = (
				8C2F756E16B11AD500E1EDA5 /* 2.UnLoadViewDemo.app */,
			);
			name = Products;
			sourceTree = "<group>";
		};
		8C2F757116B11AD500E1EDA5 /* Frameworks */ = {
			isa = PBXGroup;
			children = (
				8C2F757216B11AD500E1EDA5 /* UIKit.framework */,
				8C2F757416B11AD500E1EDA5 /* Foundation.framework */,
				8C2F757616B11AD500E1EDA5 /* CoreGraphics.framework */,
			);
			name = Frameworks;
			sourceTree = "<group>";
		};
		8C2F757816B11AD500E1EDA5 /* 2.UnLoadViewDemo */ = {
			isa = PBXGroup;
			children = (
				8C2F758116B11AD500E1EDA5 /* AppDelegate.h */,
				8C2F758216B11AD500E1EDA5 /* AppDelegate.m */,
				8C2F75CB16B11E2200E1EDA5 /* FirstViewController.h */,
				8C2F75CC16B11E2300E1EDA5 /* FirstViewController.m */,
				8C2F75C416B11DE300E1EDA5 /* SecondViewController.h */,
				8C2F75C516B11DE300E1EDA5 /* SecondViewController.m */,
				8C2F75CE16B127E000E1EDA5 /* Other.h */,
				8C2F75CF16B127E100E1EDA5 /* Other.m */,
				8C2F757916B11AD500E1EDA5 /* Supporting Files */,
			);
			path = 2.UnLoadViewDemo;
			sourceTree = "<group>";
		};
		8C2F757916B11AD500E1EDA5 /* Supporting Files */ = {
			isa = PBXGroup;
			children = (
				8C2F757A16B11AD500E1EDA5 /* 2.UnLoadViewDemo-Info.plist */,
				8C2F757B16B11AD500E1EDA5 /* InfoPlist.strings */,
				8C2F757E16B11AD500E1EDA5 /* main.m */,
				8C2F758016B11AD500E1EDA5 /* 2.UnLoadViewDemo-Prefix.pch */,
				8C2F758416B11AD500E1EDA5 /* Default.png */,
				8C2F758616B11AD500E1EDA5 /* Default@2x.png */,
				8C2F758816B11AD500E1EDA5 /* Default-568h@2x.png */,
			);
			name = "Supporting Files";
			sourceTree = "<group>";
		};
/* End PBXGroup section */

/* Begin PBXNativeTarget section */
		8C2F756D16B11AD500E1EDA5 /* 2.UnLoadViewDemo */ = {
			isa = PBXNativeTarget;
			buildConfigurationList = 8C2F758C16B11AD500E1EDA5 /* Build configuration list for PBXNativeTarget "2.UnLoadViewDemo" */;
			buildPhases = (
				8C2F756A16B11AD500E1EDA5 /* Sources */,
				8C2F756B16B11AD500E1EDA5 /* Frameworks */,
				8C2F756C16B11AD500E1EDA5 /* Resources */,
			);
			buildRules = (
			);
			dependencies = (
			);
			name = 2.UnLoadViewDemo;
			productName = 2.UnLoadViewDemo;
			productReference = 8C2F756E16B11AD500E1EDA5 /* 2.UnLoadViewDemo.app */;
			productType = "com.apple.product-type.application";
		};
/* End PBXNativeTarget section */

/* Begin PBXProject section */
		8C2F756516B11AD500E1EDA5 /* Project object */ = {
			isa = PBXProject;
			attributes = {
				LastUpgradeCheck = 0450;
				ORGANIZATIONNAME = "www.iphonetrain.com 无限互联3G开发培训中心";
			};
			buildConfigurationList = 8C2F756816B11AD500E1EDA5 /* Build configuration list for PBXProject "2.UnLoadViewDemo" */;
			compatibilityVersion = "Xcode 3.2";
			developmentRegion = English;
			hasScannedForEncodings = 0;
			knownRegions = (
				en,
			);
			mainGroup = 8C2F756316B11AD500E1EDA5;
			productRefGroup = 8C2F756F16B11AD500E1EDA5 /* Products */;
			projectDirPath = "";
			projectRoot = "";
			targets = (
				8C2F756D16B11AD500E1EDA5 /* 2.UnLoadViewDemo */,
			);
		};
/* End PBXProject section */

/* Begin PBXResourcesBuildPhase section */
		8C2F756C16B11AD500E1EDA5 /* Resources */ = {
			isa = PBXResourcesBuildPhase;
			buildActionMask = 2147483647;
			files = (
				8C2F757D16B11AD500E1EDA5 /* InfoPlist.strings in Resources */,
				8C2F758516B11AD500E1EDA5 /* Default.png in Resources */,
				8C2F758716B11AD500E1EDA5 /* Default@2x.png in Resources */,
				8C2F758916B11AD500E1EDA5 /* Default-568h@2x.png in Resources */,
			);
			runOnlyForDeploymentPostprocessing = 0;
		};
/* End PBXResourcesBuildPhase section */

/* Begin PBXSourcesBuildPhase section */
		8C2F756A16B11AD500E1EDA5 /* Sources */ = {
			isa = PBXSourcesBuildPhase;
			buildActionMask = 2147483647;
			files = (
				8C2F757F16B11AD500E1EDA5 /* main.m in Sources */,
				8C2F758316B11AD500E1EDA5 /* AppDelegate.m in Sources */,
				8C2F75C616B11DE300E1EDA5 /* SecondViewController.m in Sources */,
				8C2F75CD16B11E2300E1EDA5 /* FirstViewController.m in Sources */,
				8C2F75D016B127E100E1EDA5 /* Other.m in Sources */,
			);
			runOnlyForDeploymentPostprocessing = 0;
		};
/* End PBXSourcesBuildPhase section */

/* Begin PBXVariantGroup section */
		8C2F757B16B11AD500E1EDA5 /* InfoPlist.strings */ = {
			isa = PBXVariantGroup;
			children = (
				8C2F757C16B11AD500E1EDA5 /* en */,
			);
			name = InfoPlist.strings;
			sourceTree = "<group>";
		};
/* End PBXVariantGroup section */

/* Begin XCBuildConfiguration section */
		8C2F758A16B11AD500E1EDA5 /* Debug */ = {
			isa = XCBuildConfiguration;
			buildSettings = {
				ALWAYS_SEARCH_USER_PATHS = NO;
				CLANG_CXX_LANGUAGE_STANDARD = "gnu++0x";
				CLANG_CXX_LIBRARY = "libc++";
				CLANG_WARN_EMPTY_BODY = YES;
				CLANG_WARN__DUPLICATE_METHOD_MATCH = YES;
				"CODE_SIGN_IDENTITY[sdk=iphoneos*]" = "iPhone Developer";
				COPY_PHASE_STRIP = NO;
				GCC_C_LANGUAGE_STANDARD = gnu99;
				GCC_DYNAMIC_NO_PIC = NO;
				GCC_OPTIMIZATION_LEVEL = 0;
				GCC_PREPROCESSOR_DEFINITIONS = (
					"DEBUG=1",
					"$(inherited)",
				);
				GCC_SYMBOLS_PRIVATE_EXTERN = NO;
				GCC_WARN_ABOUT_RETURN_TYPE = YES;
				GCC_WARN_UNINITIALIZED_AUTOS = YES;
				GCC_WARN_UNUSED_VARIABLE = YES;
				IPHONEOS_DEPLOYMENT_TARGET = 6.0;
				SDKROOT = iphoneos;
			};
			name = Debug;
		};
		8C2F758B16B11AD500E1EDA5 /* Release */ = {
			isa = XCBuildConfiguration;
			buildSettings = {
				ALWAYS_SEARCH_USER_PATHS = NO;
				CLANG_CXX_LANGUAGE_STANDARD = "gnu++0x";
				CLANG_CXX_LIBRARY = "libc++";
				CLANG_WARN_EMPTY_BODY = YES;
				CLANG_WARN__DUPLICATE_METHOD_MATCH = YES;
				"CODE_SIGN_IDENTITY[sdk=iphoneos*]" = "iPhone Developer";
				COPY_PHASE_STRIP = YES;
				GCC_C_LANGUAGE_STANDARD = gnu99;
				GCC_WARN_ABOUT_RETURN_TYPE = YES;
				GCC_WARN_UNINITIALIZED_AUTOS = YES;
				GCC_WARN_UNUSED_VARIABLE = YES;
				IPHONEOS_DEPLOYMENT_TARGET = 6.0;
				OTHER_CFLAGS = "-DNS_BLOCK_ASSERTIONS=1";
				SDKROOT = iphoneos;
				VALIDATE_PRODUCT = YES;
			};
			name = Release;
		};
		8C2F758D16B11AD500E1EDA5 /* Debug */ = {
			isa = XCBuildConfiguration;
			buildSettings = {
				GCC_PRECOMPILE_PREFIX_HEADER = YES;
				GCC_PREFIX_HEADER = "2.UnLoadViewDemo/2.UnLoadViewDemo-Prefix.pch";
				INFOPLIST_FILE = "2.UnLoadViewDemo/2.UnLoadViewDemo-Info.plist";
				IPHONEOS_DEPLOYMENT_TARGET = 4.3;
				PRODUCT_NAME = "$(TARGET_NAME)";
				WRAPPER_EXTENSION = app;
			};
			name = Debug;
		};
		8C2F758E16B11AD500E1EDA5 /* Release */ = {
			isa = XCBuildConfiguration;
			buildSettings = {
				GCC_PRECOMPILE_PREFIX_HEADER = YES;
				GCC_PREFIX_HEADER = "2.UnLoadViewDemo/2.UnLoadViewDemo-Prefix.pch";
				INFOPLIST_FILE = "2.UnLoadViewDemo/2.UnLoadViewDemo-Info.plist";
				IPHONEOS_DEPLOYMENT_TARGET = 4.3;
				PRODUCT_NAME = "$(TARGET_NAME)";
				WRAPPER_EXTENSION = app;
			};
			name = Release;
		};
/* End XCBuildConfiguration section */

/* Begin XCConfigurationList section */
		8C2F756816B11AD500E1EDA5 /* Build configuration list for PBXProject "2.UnLoadViewDemo" */ = {
			isa = XCConfigurationList;
			buildConfigurations = (
				8C2F758A16B11AD500E1EDA5 /* Debug */,
				8C2F758B16B11AD500E1EDA5 /* Release */,
			);
			defaultConfigurationIsVisible = 0;
			defaultConfigurationName = Release;
		};
		8C2F758C16B11AD500E1EDA5 /* Build configuration list for PBXNativeTarget "2.UnLoadViewDemo" */ = {
			isa = XCConfigurationList;
			buildConfigurations = (
				8C2F758D16B11AD500E1EDA5 /* Debug */,
				8C2F758E16B11AD500E1EDA5 /* Release */,
			);
			defaultConfigurationIsVisible = 0;
		};
/* End XCConfigurationList section */
	};
	rootObject = 8C2F756516B11AD500E1EDA5 /* Project object */;
}
